dependencies:
- name: mychart4
  repository: oci://ghcr.io/hungtran84/helm
  version: 0.1.0
- name: mychart4
  repository: oci://ghcr.io/hungtran84/helm
  version: 0.1.0
- name: mychart2
  repository: oci://ghcr.io/hungtran84/helm
  version: 0.4.0
digest: sha256:c7968fc07d995782403bf140eb178355470bd37ace918b6a6aafbb9773aa512d
generated: "2023-09-27T01:04:16.393497+07:00"
